// !$*UTF8*$!
{
	archiveVersion = 1;
	classes = {
	};
	objectVersion = 46;
	objects = {

/* Begin PBXBuildFile section */
		2B4A8599D99846F0ACDEA680 /* libPods.a in Frameworks */ = {isa = PBXBuildFile; fileRef = 50455A8E55DD4BB884AF7BF6 /* libPods.a */; };
		C900119918D39A0B0037E9E6 /* az_MovieController.m in Sources */ = {isa = PBXBuildFile; fileRef = C900119718D39A0B0037E9E6 /* az_MovieController.m */; };
		C900119A18D39A0B0037E9E6 /* az_MovieController.xib in Resources */ = {isa = PBXBuildFile; fileRef = C900119818D39A0B0037E9E6 /* az_MovieController.xib */; };
		C984DD4D18D2AB60005D8FF7 /* az_MoviesController.m in Sources */ = {isa = PBXBuildFile; fileRef = C984DD4B18D2AB60005D8FF7 /* az_MoviesController.m */; };
		C984DD4E18D2AB60005D8FF7 /* az_MoviesController.xib in Resources */ = {isa = PBXBuildFile; fileRef = C984DD4C18D2AB60005D8FF7 /* az_MoviesController.xib */; };
		C984DD5218D2BEFC005D8FF7 /* az_MovieCell.m in Sources */ = {isa = PBXBuildFile; fileRef = C984DD5018D2BEFC005D8FF7 /* az_MovieCell.m */; };
		C984DD5318D2BEFC005D8FF7 /* az_MovieCell.xib in Resources */ = {isa = PBXBuildFile; fileRef = C984DD5118D2BEFC005D8FF7 /* az_MovieCell.xib */; };
		C984DD5618D2C091005D8FF7 /* az_RottenTomatoClient.m in Sources */ = {isa = PBXBuildFile; fileRef = C984DD5518D2C091005D8FF7 /* az_RottenTomatoClient.m */; };
		C984DD5918D2C60A005D8FF7 /* az_Movie.m in Sources */ = {isa = PBXBuildFile; fileRef = C984DD5818D2C60A005D8FF7 /* az_Movie.m */; };
		C984DD5C18D2C839005D8FF7 /* az_CastMember.m in Sources */ = {isa = PBXBuildFile; fileRef = C984DD5B18D2C839005D8FF7 /* az_CastMember.m */; };
		C99969BD18D2A5F500388196 /* Foundation.framework in Frameworks */ = {isa = PBXBuildFile; fileRef = C99969BC18D2A5F500388196 /* Foundation.framework */; };
		C99969BF18D2A5F500388196 /* CoreGraphics.framework in Frameworks */ = {isa = PBXBuildFile; fileRef = C99969BE18D2A5F500388196 /* CoreGraphics.framework */; };
		C99969C118D2A5F500388196 /* UIKit.framework in Frameworks */ = {isa = PBXBuildFile; fileRef = C99969C018D2A5F500388196 /* UIKit.framework */; };
		C99969C718D2A5F500388196 /* InfoPlist.strings in Resources */ = {isa = PBXBuildFile; fileRef = C99969C518D2A5F500388196 /* InfoPlist.strings */; };
		C99969C918D2A5F500388196 /* main.m in Sources */ = {isa = PBXBuildFile; fileRef = C99969C818D2A5F500388196 /* main.m */; };
		C99969CD18D2A5F500388196 /* az_AppDelegate.m in Sources */ = {isa = PBXBuildFile; fileRef = C99969CC18D2A5F500388196 /* az_AppDelegate.m */; };
		C99969CF18D2A5F500388196 /* Images.xcassets in Resources */ = {isa = PBXBuildFile; fileRef = C99969CE18D2A5F500388196 /* Images.xcassets */; };
		C99969D618D2A5F500388196 /* XCTest.framework in Frameworks */ = {isa = PBXBuildFile; fileRef = C99969D518D2A5F500388196 /* XCTest.framework */; };
		C99969D718D2A5F500388196 /* Foundation.framework in Frameworks */ = {isa = PBXBuildFile; fileRef = C99969BC18D2A5F500388196 /* Foundation.framework */; };
		C99969D818D2A5F500388196 /* UIKit.framework in Frameworks */ = {isa = PBXBuildFile; fileRef = C99969C018D2A5F500388196 /* UIKit.framework */; };
		C99969E018D2A5F500388196 /* InfoPlist.strings in Resources */ = {isa = PBXBuildFile; fileRef = C99969DE18D2A5F500388196 /* InfoPlist.strings */; };
		C99969E218D2A5F500388196 /* rottentomatosTests.m in Sources */ = {isa = PBXBuildFile; fileRef = C99969E118D2A5F500388196 /* rottentomatosTests.m */; };
/* End PBXBuildFile section */

/* Begin PBXContainerItemProxy section */
		C99969D918D2A5F500388196 /* PBXContainerItemProxy */ = {
			isa = PBXContainerItemProxy;
			containerPortal = C99969B118D2A5F400388196 /* Project object */;
			proxyType = 1;
			remoteGlobalIDString = C99969B818D2A5F500388196;
			remoteInfo = rottentomatos;
		};
/* End PBXContainerItemProxy section */

/* Begin PBXFileReference section */
		50455A8E55DD4BB884AF7BF6 /* libPods.a */ = {isa = PBXFileReference; explicitFileType = archive.ar; includeInIndex = 0; path = libPods.a; sourceTree = BUILT_PRODUCTS_DIR; };
		91B4813F0B5244CA9DD4B392 /* Pods.xcconfig */ = {isa = PBXFileReference; includeInIndex = 1; lastKnownFileType = text.xcconfig; name = Pods.xcconfig; path = Pods/Pods.xcconfig; sourceTree = "<group>"; };
		C900119618D39A0B0037E9E6 /* az_MovieController.h */ = {isa = PBXFileReference; fileEncoding = 4; lastKnownFileType = sourcecode.c.h; name = az_MovieController.h; path = views/az_MovieController.h; sourceTree = "<group>"; };
		C900119718D39A0B0037E9E6 /* az_MovieController.m */ = {isa = PBXFileReference; fileEncoding = 4; lastKnownFileType = sourcecode.c.objc; name = az_MovieController.m; path = views/az_MovieController.m; sourceTree = "<group>"; };
		C900119818D39A0B0037E9E6 /* az_MovieController.xib */ = {isa = PBXFileReference; fileEncoding = 4; lastKnownFileType = file.xib; name = az_MovieController.xib; path = views/az_MovieController.xib; sourceTree = "<group>"; };
		C984DD4A18D2AB60005D8FF7 /* az_MoviesController.h */ = {isa = PBXFileReference; fileEncoding = 4; lastKnownFileType = sourcecode.c.h; name = az_MoviesController.h; path = views/az_MoviesController.h; sourceTree = "<group>"; };
		C984DD4B18D2AB60005D8FF7 /* az_MoviesController.m */ = {isa = PBXFileReference; fileEncoding = 4; lastKnownFileType = sourcecode.c.objc; name = az_MoviesController.m; path = views/az_MoviesController.m; sourceTree = "<group>"; };
		C984DD4C18D2AB60005D8FF7 /* az_MoviesController.xib */ = {isa = PBXFileReference; fileEncoding = 4; lastKnownFileType = file.xib; name = az_MoviesController.xib; path = views/az_MoviesController.xib; sourceTree = "<group>"; };
		C984DD4F18D2BEFC005D8FF7 /* az_MovieCell.h */ = {isa = PBXFileReference; fileEncoding = 4; lastKnownFileType = sourcecode.c.h; name = az_MovieCell.h; path = views/az_MovieCell.h; sourceTree = "<group>"; };
		C984DD5018D2BEFC005D8FF7 /* az_MovieCell.m */ = {isa = PBXFileReference; fileEncoding = 4; lastKnownFileType = sourcecode.c.objc; name = az_MovieCell.m; path = views/az_MovieCell.m; sourceTree = "<group>"; };
		C984DD5118D2BEFC005D8FF7 /* az_MovieCell.xib */ = {isa = PBXFileReference; fileEncoding = 4; lastKnownFileType = file.xib; name = az_MovieCell.xib; path = views/az_MovieCell.xib; sourceTree = "<group>"; };
		C984DD5418D2C091005D8FF7 /* az_RottenTomatoClient.h */ = {isa = PBXFileReference; fileEncoding = 4; lastKnownFileType = sourcecode.c.h; name = az_RottenTomatoClient.h; path = clients/az_RottenTomatoClient.h; sourceTree = "<group>"; };
		C984DD5518D2C091005D8FF7 /* az_RottenTomatoClient.m */ = {isa = PBXFileReference; fileEncoding = 4; lastKnownFileType = sourcecode.c.objc; name = az_RottenTomatoClient.m; path = clients/az_RottenTomatoClient.m; sourceTree = "<group>"; };
		C984DD5718D2C60A005D8FF7 /* az_Movie.h */ = {isa = PBXFileReference; fileEncoding = 4; lastKnownFileType = sourcecode.c.h; name = az_Movie.h; path = models/az_Movie.h; sourceTree = "<group>"; };
		C984DD5818D2C60A005D8FF7 /* az_Movie.m */ = {isa = PBXFileReference; fileEncoding = 4; lastKnownFileType = sourcecode.c.objc; name = az_Movie.m; path = models/az_Movie.m; sourceTree = "<group>"; };
		C984DD5A18D2C839005D8FF7 /* az_CastMember.h */ = {isa = PBXFileReference; fileEncoding = 4; lastKnownFileType = sourcecode.c.h; name = az_CastMember.h; path = models/az_CastMember.h; sourceTree = "<group>"; };
		C984DD5B18D2C839005D8FF7 /* az_CastMember.m */ = {isa = PBXFileReference; fileEncoding = 4; lastKnownFileType = sourcecode.c.objc; name = az_CastMember.m; path = models/az_CastMember.m; sourceTree = "<group>"; };
		C99969B918D2A5F500388196 /* rottentomatos.app */ = {isa = PBXFileReference; explicitFileType = wrapper.application; includeInIndex = 0; path = rottentomatos.app; sourceTree = BUILT_PRODUCTS_DIR; };
		C99969BC18D2A5F500388196 /* Foundation.framework */ = {isa = PBXFileReference; lastKnownFileType = wrapper.framework; name = Foundation.framework; path = System/Library/Frameworks/Foundation.framework; sourceTree = SDKROOT; };
		C99969BE18D2A5F500388196 /* CoreGraphics.framework */ = {isa = PBXFileReference; lastKnownFileType = wrapper.framework; name = CoreGraphics.framework; path = System/Library/Frameworks/CoreGraphics.framework; sourceTree = SDKROOT; };
		C99969C018D2A5F500388196 /* UIKit.framework */ = {isa = PBXFileReference; lastKnownFileType = wrapper.framework; name = UIKit.framework; path = System/Library/Frameworks/UIKit.framework; sourceTree = SDKROOT; };
		C99969C418D2A5F500388196 /* rottentomatos-Info.plist */ = {isa = PBXFileReference; lastKnownFileType = text.plist.xml; path = "rottentomatos-Info.plist"; sourceTree = "<group>"; };
		C99969C618D2A5F500388196 /* en */ = {isa = PBXFileReference; lastKnownFileType = text.plist.strings; name = en; path = en.lproj/InfoPlist.strings; sourceTree = "<group>"; };
		C99969C818D2A5F500388196 /* main.m */ = {isa = PBXFileReference; lastKnownFileType = sourcecode.c.objc; path = main.m; sourceTree = "<group>"; };
		C99969CA18D2A5F500388196 /* rottentomatos-Prefix.pch */ = {isa = PBXFileReference; lastKnownFileType = sourcecode.c.h; path = "rottentomatos-Prefix.pch"; sourceTree = "<group>"; };
		C99969CB18D2A5F500388196 /* az_AppDelegate.h */ = {isa = PBXFileReference; lastKnownFileType = sourcecode.c.h; path = az_AppDelegate.h; sourceTree = "<group>"; };
		C99969CC18D2A5F500388196 /* az_AppDelegate.m */ = {isa = PBXFileReference; lastKnownFileType = sourcecode.c.objc; path = az_AppDelegate.m; sourceTree = "<group>"; };
		C99969CE18D2A5F500388196 /* Images.xcassets */ = {isa = PBXFileReference; lastKnownFileType = folder.assetcatalog; path = Images.xcassets; sourceTree = "<group>"; };
		C99969D418D2A5F500388196 /* rottentomatosTests.xctest */ = {isa = PBXFileReference; explicitFileType = wrapper.cfbundle; includeInIndex = 0; path = rottentomatosTests.xctest; sourceTree = BUILT_PRODUCTS_DIR; };
		C99969D518D2A5F500388196 /* XCTest.framework */ = {isa = PBXFileReference; lastKnownFileType = wrapper.framework; name = XCTest.framework; path = Library/Frameworks/XCTest.framework; sourceTree = DEVELOPER_DIR; };
		C99969DD18D2A5F500388196 /* rottentomatosTests-Info.plist */ = {isa = PBXFileReference; lastKnownFileType = text.plist.xml; path = "rottentomatosTests-Info.plist"; sourceTree = "<group>"; };
		C99969DF18D2A5F500388196 /* en */ = {isa = PBXFileReference; lastKnownFileType = text.plist.strings; name = en; path = en.lproj/InfoPlist.strings; sourceTree = "<group>"; };
		C99969E118D2A5F500388196 /* rottentomatosTests.m */ = {isa = PBXFileReference; lastKnownFileType = sourcecode.c.objc; path = rottentomatosTests.m; sourceTree = "<group>"; };
/* End PBXFileReference section */

/* Begin PBXFrameworksBuildPhase section */
		C99969B618D2A5F500388196 /* Frameworks */ = {
			isa = PBXFrameworksBuildPhase;
			buildActionMask = 2147483647;
			files = (
				C99969BF18D2A5F500388196 /* CoreGraphics.framework in Frameworks */,
				C99969C118D2A5F500388196 /* UIKit.framework in Frameworks */,
				C99969BD18D2A5F500388196 /* Foundation.framework in Frameworks */,
				2B4A8599D99846F0ACDEA680 /* libPods.a in Frameworks */,
			);
			runOnlyForDeploymentPostprocessing = 0;
		};
		C99969D118D2A5F500388196 /* Frameworks */ = {
			isa = PBXFrameworksBuildPhase;
			buildActionMask = 2147483647;
			files = (
				C99969D618D2A5F500388196 /* XCTest.framework in Frameworks */,
				C99969D818D2A5F500388196 /* UIKit.framework in Frameworks */,
				C99969D718D2A5F500388196 /* Foundation.framework in Frameworks */,
			);
			runOnlyForDeploymentPostprocessing = 0;
		};
/* End PBXFrameworksBuildPhase section */

/* Begin PBXGroup section */
		C99969B018D2A5F400388196 = {
			isa = PBXGroup;
			children = (
				C99969C218D2A5F500388196 /* rottentomatos */,
				C99969DB18D2A5F500388196 /* rottentomatosTests */,
				C99969BB18D2A5F500388196 /* Frameworks */,
				C99969BA18D2A5F500388196 /* Products */,
				91B4813F0B5244CA9DD4B392 /* Pods.xcconfig */,
			);
			sourceTree = "<group>";
		};
		C99969BA18D2A5F500388196 /* Products */ = {
			isa = PBXGroup;
			children = (
				C99969B918D2A5F500388196 /* rottentomatos.app */,
				C99969D418D2A5F500388196 /* rottentomatosTests.xctest */,
			);
			name = Products;
			sourceTree = "<group>";
		};
		C99969BB18D2A5F500388196 /* Frameworks */ = {
			isa = PBXGroup;
			children = (
				C99969BC18D2A5F500388196 /* Foundation.framework */,
				C99969BE18D2A5F500388196 /* CoreGraphics.framework */,
				C99969C018D2A5F500388196 /* UIKit.framework */,
				C99969D518D2A5F500388196 /* XCTest.framework */,
				50455A8E55DD4BB884AF7BF6 /* libPods.a */,
			);
			name = Frameworks;
			sourceTree = "<group>";
		};
		C99969C218D2A5F500388196 /* rottentomatos */ = {
			isa = PBXGroup;
			children = (
				C99969CB18D2A5F500388196 /* az_AppDelegate.h */,
				C99969CC18D2A5F500388196 /* az_AppDelegate.m */,
				C99969CE18D2A5F500388196 /* Images.xcassets */,
				C99969C318D2A5F500388196 /* Supporting Files */,
				C984DD4A18D2AB60005D8FF7 /* az_MoviesController.h */,
				C984DD4B18D2AB60005D8FF7 /* az_MoviesController.m */,
				C984DD4C18D2AB60005D8FF7 /* az_MoviesController.xib */,
				C984DD4F18D2BEFC005D8FF7 /* az_MovieCell.h */,
				C984DD5018D2BEFC005D8FF7 /* az_MovieCell.m */,
				C984DD5118D2BEFC005D8FF7 /* az_MovieCell.xib */,
				C984DD5418D2C091005D8FF7 /* az_RottenTomatoClient.h */,
				C984DD5518D2C091005D8FF7 /* az_RottenTomatoClient.m */,
				C984DD5718D2C60A005D8FF7 /* az_Movie.h */,
				C984DD5818D2C60A005D8FF7 /* az_Movie.m */,
				C984DD5A18D2C839005D8FF7 /* az_CastMember.h */,
				C984DD5B18D2C839005D8FF7 /* az_CastMember.m */,
				C900119618D39A0B0037E9E6 /* az_MovieController.h */,
				C900119718D39A0B0037E9E6 /* az_MovieController.m */,
				C900119818D39A0B0037E9E6 /* az_MovieController.xib */,
			);
			path = rottentomatos;
			sourceTree = "<group>";
		};
		C99969C318D2A5F500388196 /* Supporting Files */ = {
			isa = PBXGroup;
			children = (
				C99969C418D2A5F500388196 /* rottentomatos-Info.plist */,
				C99969C518D2A5F500388196 /* InfoPlist.strings */,
				C99969C818D2A5F500388196 /* main.m */,
				C99969CA18D2A5F500388196 /* rottentomatos-Prefix.pch */,
			);
			name = "Supporting Files";
			sourceTree = "<group>";
		};
		C99969DB18D2A5F500388196 /* rottentomatosTests */ = {
			isa = PBXGroup;
			children = (
				C99969E118D2A5F500388196 /* rottentomatosTests.m */,
				C99969DC18D2A5F500388196 /* Supporting Files */,
			);
			path = rottentomatosTests;
			sourceTree = "<group>";
		};
		C99969DC18D2A5F500388196 /* Supporting Files */ = {
			isa = PBXGroup;
			children = (
				C99969DD18D2A5F500388196 /* rottentomatosTests-Info.plist */,
				C99969DE18D2A5F500388196 /* InfoPlist.strings */,
			);
			name = "Supporting Files";
			sourceTree = "<group>";
		};
/* End PBXGroup section */

/* Begin PBXNativeTarget section */
		C99969B818D2A5F500388196 /* rottentomatos */ = {
			isa = PBXNativeTarget;
			buildConfigurationList = C99969E518D2A5F500388196 /* Build configuration list for PBXNativeTarget "rottentomatos" */;
			buildPhases = (
				8EE6DA64CFBC4D9DB88E07F0 /* Check Pods Manifest.lock */,
				C99969B518D2A5F500388196 /* Sources */,
				C99969B618D2A5F500388196 /* Frameworks */,
				C99969B718D2A5F500388196 /* Resources */,
				0477C19DCAF74AC4A7161AFF /* Copy Pods Resources */,
			);
			buildRules = (
			);
			dependencies = (
			);
			name = rottentomatos;
			productName = rottentomatos;
			productReference = C99969B918D2A5F500388196 /* rottentomatos.app */;
			productType = "com.apple.product-type.application";
		};
		C99969D318D2A5F500388196 /* rottentomatosTests */ = {
			isa = PBXNativeTarget;
			buildConfigurationList = C99969E818D2A5F500388196 /* Build configuration list for PBXNativeTarget "rottentomatosTests" */;
			buildPhases = (
				C99969D018D2A5F500388196 /* Sources */,
				C99969D118D2A5F500388196 /* Frameworks */,
				C99969D218D2A5F500388196 /* Resources */,
			);
			buildRules = (
			);
			dependencies = (
				C99969DA18D2A5F500388196 /* PBXTargetDependency */,
			);
			name = rottentomatosTests;
			productName = rottentomatosTests;
			productReference = C99969D418D2A5F500388196 /* rottentomatosTests.xctest */;
			productType = "com.apple.product-type.bundle.unit-test";
		};
/* End PBXNativeTarget section */

/* Begin PBXProject section */
		C99969B118D2A5F400388196 /* Project object */ = {
			isa = PBXProject;
			attributes = {
				CLASSPREFIX = az_;
				LastUpgradeCheck = 0510;
				ORGANIZATIONNAME = "Jonathan Azoff";
				TargetAttributes = {
					C99969D318D2A5F500388196 = {
						TestTargetID = C99969B818D2A5F500388196;
					};
				};
			};
			buildConfigurationList = C99969B418D2A5F400388196 /* Build configuration list for PBXProject "rottentomatos" */;
			compatibilityVersion = "Xcode 3.2";
			developmentRegion = English;
			hasScannedForEncodings = 0;
			knownRegions = (
				en,
			);
			mainGroup = C99969B018D2A5F400388196;
			productRefGroup = C99969BA18D2A5F500388196 /* Products */;
			projectDirPath = "";
			projectRoot = "";
			targets = (
				C99969B818D2A5F500388196 /* rottentomatos */,
				C99969D318D2A5F500388196 /* rottentomatosTests */,
			);
		};
/* End PBXProject section */

/* Begin PBXResourcesBuildPhase section */
		C99969B718D2A5F500388196 /* Resources */ = {
			isa = PBXResourcesBuildPhase;
			buildActionMask = 2147483647;
			files = (
				C99969C718D2A5F500388196 /* InfoPlist.strings in Resources */,
				C99969CF18D2A5F500388196 /* Images.xcassets in Resources */,
				C984DD4E18D2AB60005D8FF7 /* az_MoviesController.xib in Resources */,
				C984DD5318D2BEFC005D8FF7 /* az_MovieCell.xib in Resources */,
				C900119A18D39A0B0037E9E6 /* az_MovieController.xib in Resources */,
			);
			runOnlyForDeploymentPostprocessing = 0;
		};
		C99969D218D2A5F500388196 /* Resources */ = {
			isa = PBXResourcesBuildPhase;
			buildActionMask = 2147483647;
			files = (
				C99969E018D2A5F500388196 /* InfoPlist.strings in Resources */,
			);
			runOnlyForDeploymentPostprocessing = 0;
		};
/* End PBXResourcesBuildPhase section */

/* Begin PBXShellScriptBuildPhase section */
		0477C19DCAF74AC4A7161AFF /* Copy Pods Resources */ = {
			isa = PBXShellScriptBuildPhase;
			buildActionMask = 2147483647;
			files = (
			);
			inputPaths = (
			);
			name = "Copy Pods Resources";
			outputPaths = (
			);
			runOnlyForDeploymentPostprocessing = 0;
			shellPath = /bin/sh;
			shellScript = "\"${SRCROOT}/Pods/Pods-resources.sh\"\n";
			showEnvVarsInLog = 0;
		};
		8EE6DA64CFBC4D9DB88E07F0 /* Check Pods Manifest.lock */ = {
			isa = PBXShellScriptBuildPhase;
			buildActionMask = 2147483647;
			files = (
			);
			inputPaths = (
			);
			name = "Check Pods Manifest.lock";
			outputPaths = (
			);
			runOnlyForDeploymentPostprocessing = 0;
			shellPath = /bin/sh;
			shellScript = "diff \"${PODS_ROOT}/../Podfile.lock\" \"${PODS_ROOT}/Manifest.lock\" > /dev/null\nif [[ $? != 0 ]] ; then\n    cat << EOM\nerror: The sandbox is not in sync with the Podfile.lock. Run 'pod install' or update your CocoaPods installation.\nEOM\n    exit 1\nfi\n";
			showEnvVarsInLog = 0;
		};
/* End PBXShellScriptBuildPhase section */

/* Begin PBXSourcesBuildPhase section */
		C99969B518D2A5F500388196 /* Sources */ = {
			isa = PBXSourcesBuildPhase;
			buildActionMask = 2147483647;
			files = (
				C984DD5C18D2C839005D8FF7 /* az_CastMember.m in Sources */,
				C99969C918D2A5F500388196 /* main.m in Sources */,
				C984DD4D18D2AB60005D8FF7 /* az_MoviesController.m in Sources */,
				C99969CD18D2A5F500388196 /* az_AppDelegate.m in Sources */,
				C984DD5218D2BEFC005D8FF7 /* az_MovieCell.m in Sources */,
				C900119918D39A0B0037E9E6 /* az_MovieController.m in Sources */,
				C984DD5618D2C091005D8FF7 /* az_RottenTomatoClient.m in Sources */,
				C984DD5918D2C60A005D8FF7 /* az_Movie.m in Sources */,
			);
			runOnlyForDeploymentPostprocessing = 0;
		};
		C99969D018D2A5F500388196 /* Sources */ = {
			isa = PBXSourcesBuildPhase;
			buildActionMask = 2147483647;
			files = (
				C99969E218D2A5F500388196 /* rottentomatosTests.m in Sources */,
			);
			runOnlyForDeploymentPostprocessing = 0;
		};
/* End PBXSourcesBuildPhase section */

/* Begin PBXTargetDependency section */
		C99969DA18D2A5F500388196 /* PBXTargetDependency */ = {
			isa = PBXTargetDependency;
			target = C99969B818D2A5F500388196 /* rottentomatos */;
			targetProxy = C99969D918D2A5F500388196 /* PBXContainerItemProxy */;
		};
/* End PBXTargetDependency section */

/* Begin PBXVariantGroup section */
		C99969C518D2A5F500388196 /* InfoPlist.strings */ = {
			isa = PBXVariantGroup;
			children = (
				C99969C618D2A5F500388196 /* en */,
			);
			name = InfoPlist.strings;
			sourceTree = "<group>";
		};
		C99969DE18D2A5F500388196 /* InfoPlist.strings */ = {
			isa = PBXVariantGroup;
			children = (
				C99969DF18D2A5F500388196 /* en */,
			);
			name = InfoPlist.strings;
			sourceTree = "<group>";
		};
/* End PBXVariantGroup section */

/* Begin XCBuildConfiguration section */
		C99969E318D2A5F500388196 /* Debug */ = {
			isa = XCBuildConfiguration;
			buildSettings = {
				ALWAYS_SEARCH_USER_PATHS = NO;
				CLANG_CXX_LANGUAGE_STANDARD = "gnu++0x";
				CLANG_CXX_LIBRARY = "libc++";
				CLANG_ENABLE_MODULES = YES;
				CLANG_ENABLE_OBJC_ARC = YES;
				CLANG_WARN_BOOL_CONVERSION = YES;
				CLANG_WARN_CONSTANT_CONVERSION = YES;
				CLANG_WARN_DIRECT_OBJC_ISA_USAGE = YES_ERROR;
				CLANG_WARN_EMPTY_BODY = YES;
				CLANG_WARN_ENUM_CONVERSION = YES;
				CLANG_WARN_INT_CONVERSION = YES;
				CLANG_WARN_OBJC_ROOT_CLASS = YES_ERROR;
				CLANG_WARN__DUPLICATE_METHOD_MATCH = YES;
				"CODE_SIGN_IDENTITY[sdk=iphoneos*]" = "iPhone Developer";
				COPY_PHASE_STRIP = NO;
				GCC_C_LANGUAGE_STANDARD = gnu99;
				GCC_DYNAMIC_NO_PIC = NO;
				GCC_OPTIMIZATION_LEVEL = 0;
				GCC_PREPROCESSOR_DEFINITIONS = (
					"DEBUG=1",
					"$(inherited)",
				);
				GCC_SYMBOLS_PRIVATE_EXTERN = NO;
				GCC_WARN_64_TO_32_BIT_CONVERSION = YES;
				GCC_WARN_ABOUT_RETURN_TYPE = YES_ERROR;
				GCC_WARN_UNDECLARED_SELECTOR = YES;
				GCC_WARN_UNINITIALIZED_AUTOS = YES_AGGRESSIVE;
				GCC_WARN_UNUSED_FUNCTION = YES;
				GCC_WARN_UNUSED_VARIABLE = YES;
				IPHONEOS_DEPLOYMENT_TARGET = 7.1;
				ONLY_ACTIVE_ARCH = YES;
				SDKROOT = iphoneos;
			};
			name = Debug;
		};
		C99969E418D2A5F500388196 /* Release */ = {
			isa = XCBuildConfiguration;
			buildSettings = {
				ALWAYS_SEARCH_USER_PATHS = NO;
				CLANG_CXX_LANGUAGE_STANDARD = "gnu++0x";
				CLANG_CXX_LIBRARY = "libc++";
				CLANG_ENABLE_MODULES = YES;
				CLANG_ENABLE_OBJC_ARC = YES;
				CLANG_WARN_BOOL_CONVERSION = YES;
				CLANG_WARN_CONSTANT_CONVERSION = YES;
				CLANG_WARN_DIRECT_OBJC_ISA_USAGE = YES_ERROR;
				CLANG_WARN_EMPTY_BODY = YES;
				CLANG_WARN_ENUM_CONVERSION = YES;
				CLANG_WARN_INT_CONVERSION = YES;
				CLANG_WARN_OBJC_ROOT_CLASS = YES_ERROR;
				CLANG_WARN__DUPLICATE_METHOD_MATCH = YES;
				"CODE_SIGN_IDENTITY[sdk=iphoneos*]" = "iPhone Developer";
				COPY_PHASE_STRIP = YES;
				ENABLE_NS_ASSERTIONS = NO;
				GCC_C_LANGUAGE_STANDARD = gnu99;
				GCC_WARN_64_TO_32_BIT_CONVERSION = YES;
				GCC_WARN_ABOUT_RETURN_TYPE = YES_ERROR;
				GCC_WARN_UNDECLARED_SELECTOR = YES;
				GCC_WARN_UNINITIALIZED_AUTOS = YES_AGGRESSIVE;
				GCC_WARN_UNUSED_FUNCTION = YES;
				GCC_WARN_UNUSED_VARIABLE = YES;
				IPHONEOS_DEPLOYMENT_TARGET = 7.1;
				SDKROOT = iphoneos;
				VALIDATE_PRODUCT = YES;
			};
			name = Release;
		};
		C99969E618D2A5F500388196 /* Debug */ = {
			isa = XCBuildConfiguration;
			baseConfigurationReference = 91B4813F0B5244CA9DD4B392 /* Pods.xcconfig */;
			buildSettings = {
				ASSETCATALOG_COMPILER_APPICON_NAME = AppIcon;
				ASSETCATALOG_COMPILER_LAUNCHIMAGE_NAME = LaunchImage;
				GCC_PRECOMPILE_PREFIX_HEADER = YES;
				GCC_PREFIX_HEADER = "rottentomatos/rottentomatos-Prefix.pch";
				INFOPLIST_FILE = "rottentomatos/rottentomatos-Info.plist";
				PRODUCT_NAME = "$(TARGET_NAME)";
				WRAPPER_EXTENSION = app;
			};
			name = Debug;
		};
		C99969E718D2A5F500388196 /* Release */ = {
			isa = XCBuildConfiguration;
			baseConfigurationReference = 91B4813F0B5244CA9DD4B392 /* Pods.xcconfig */;
			buildSettings = {
				ASSETCATALOG_COMPILER_APPICON_NAME = AppIcon;
				ASSETCATALOG_COMPILER_LAUNCHIMAGE_NAME = LaunchImage;
				GCC_PRECOMPILE_PREFIX_HEADER = YES;
				GCC_PREFIX_HEADER = "rottentomatos/rottentomatos-Prefix.pch";
				INFOPLIST_FILE = "rottentomatos/rottentomatos-Info.plist";
				PRODUCT_NAME = "$(TARGET_NAME)";
				WRAPPER_EXTENSION = app;
			};
			name = Release;
		};
		C99969E918D2A5F500388196 /* Debug */ = {
			isa = XCBuildConfiguration;
			buildSettings = {
				BUNDLE_LOADER = "$(BUILT_PRODUCTS_DIR)/rottentomatos.app/rottentomatos";
				FRAMEWORK_SEARCH_PATHS = (
					"$(SDKROOT)/Developer/Library/Frameworks",
					"$(inherited)",
					"$(DEVELOPER_FRAMEWORKS_DIR)",
				);
				GCC_PRECOMPILE_PREFIX_HEADER = YES;
				GCC_PREFIX_HEADER = "rottentomatos/rottentomatos-Prefix.pch";
				GCC_PREPROCESSOR_DEFINITIONS = (
					"DEBUG=1",
					"$(inherited)",
				);
				INFOPLIST_FILE = "rottentomatosTests/rottentomatosTests-Info.plist";
				PRODUCT_NAME = "$(TARGET_NAME)";
				TEST_HOST = "$(BUNDLE_LOADER)";
				WRAPPER_EXTENSION = xctest;
			};
			name = Debug;
		};
		C99969EA18D2A5F500388196 /* Release */ = {
			isa = XCBuildConfiguration;
			buildSettings = {
				BUNDLE_LOADER = "$(BUILT_PRODUCTS_DIR)/rottentomatos.app/rottentomatos";
				FRAMEWORK_SEARCH_PATHS = (
					"$(SDKROOT)/Developer/Library/Frameworks",
					"$(inherited)",
					"$(DEVELOPER_FRAMEWORKS_DIR)",
				);
				GCC_PRECOMPILE_PREFIX_HEADER = YES;
				GCC_PREFIX_HEADER = "rottentomatos/rottentomatos-Prefix.pch";
				INFOPLIST_FILE = "rottentomatosTests/rottentomatosTests-Info.plist";
				PRODUCT_NAME = "$(TARGET_NAME)";
				TEST_HOST = "$(BUNDLE_LOADER)";
				WRAPPER_EXTENSION = xctest;
			};
			name = Release;
		};
/* End XCBuildConfiguration section */

/* Begin XCConfigurationList section */
		C99969B418D2A5F400388196 /* Build configuration list for PBXProject "rottentomatos" */ = {
			isa = XCConfigurationList;
			buildConfigurations = (
				C99969E318D2A5F500388196 /* Debug */,
				C99969E418D2A5F500388196 /* Release */,
			);
			defaultConfigurationIsVisible = 0;
			defaultConfigurationName = Release;
		};
		C99969E518D2A5F500388196 /* Build configuration list for PBXNativeTarget "rottentomatos" */ = {
			isa = XCConfigurationList;
			buildConfigurations = (
				C99969E618D2A5F500388196 /* Debug */,
				C99969E718D2A5F500388196 /* Release */,
			);
			defaultConfigurationIsVisible = 0;
			defaultConfigurationName = Release;
		};
		C99969E818D2A5F500388196 /* Build configuration list for PBXNativeTarget "rottentomatosTests" */ = {
			isa = XCConfigurationList;
			buildConfigurations = (
				C99969E918D2A5F500388196 /* Debug */,
				C99969EA18D2A5F500388196 /* Release */,
			);
			defaultConfigurationIsVisible = 0;
			defaultConfigurationName = Release;
		};
/* End XCConfigurationList section */
	};
	rootObject = C99969B118D2A5F400388196 /* Project object */;
}
